
Microsoft Visual Studio Solution File, Format Version 12.00
# Visual Studio Version 16
VisualStudioVersion = 16.0.30204.135
MinimumVisualStudioVersion = 10.0.40219.1
Project("{FAE04EC0-301F-11D3-BF4B-00C04F79EFBC}") = "mr-shtrahman", "mr-shtrahman.csproj", "{9469B68E-BE22-441E-A55A-6847B24F25B6}"
EndProject
Global
	GlobalSection(SolutionConfigurationPlatforms) = preSolution
		Debug|Any CPU = Debug|Any CPU
		Release|Any CPU = Release|Any CPU
	EndGlobalSection
	GlobalSection(ProjectConfigurationPlatforms) = postSolution
		{9469B68E-BE22-441E-A55A-6847B24F25B6}.Debug|Any CPU.ActiveCfg = Debug|Any CPU
		{9469B68E-BE22-441E-A55A-6847B24F25B6}.Debug|Any CPU.Build.0 = Debug|Any CPU
		{9469B68E-BE22-441E-A55A-6847B24F25B6}.Release|Any CPU.ActiveCfg = Release|Any CPU
		{9469B68E-BE22-441E-A55A-6847B24F25B6}.Release|Any CPU.Build.0 = Release|Any CPU
	EndGlobalSection
	GlobalSection(SolutionProperties) = preSolution
		HideSolutionNode = FALSE
	EndGlobalSection
	GlobalSection(ExtensibilityGlobals) = postSolution
		SolutionGuid = {87BA17FB-73DA-47A2-9CE3-AFC799D0BC8C}
	EndGlobalSection
EndGlobal
